
Microsoft Visual Studio Solution File, Format Version 12.00
# Visual Studio 15
VisualStudioVersion = 15.0.28010.2041
MinimumVisualStudioVersion = 10.0.40219.1
Project("{FAE04EC0-301F-11D3-BF4B-00C04F79EFBC}") = "Events", "Events\Events.csproj", "{C46AD744-7A39-4094-BDC2-F0E9FC28C902}"
EndProject
Global
	GlobalSection(SolutionConfigurationPlatforms) = preSolution
		Debug|Any CPU = Debug|Any CPU
		Release|Any CPU = Release|Any CPU
	EndGlobalSection
	GlobalSection(ProjectConfigurationPlatforms) = postSolution
		{C46AD744-7A39-4094-BDC2-F0E9FC28C902}.Debug|Any CPU.ActiveCfg = Debug|Any CPU
		{C46AD744-7A39-4094-BDC2-F0E9FC28C902}.Debug|Any CPU.Build.0 = Debug|Any CPU
		{C46AD744-7A39-4094-BDC2-F0E9FC28C902}.Release|Any CPU.ActiveCfg = Release|Any CPU
		{C46AD744-7A39-4094-BDC2-F0E9FC28C902}.Release|Any CPU.Build.0 = Release|Any CPU
	EndGlobalSection
	GlobalSection(SolutionProperties) = preSolution
		HideSolutionNode = FALSE
	EndGlobalSection
	GlobalSection(ExtensibilityGlobals) = postSolution
		SolutionGuid = {6A7BDCD8-6046-47DB-9307-22BEA4C9C17A}
	EndGlobalSection
EndGlobal
